
Microsoft Visual Studio Solution File, Format Version 12.00
# Visual Studio Version 17
VisualStudioVersion = 17.5.33516.290
MinimumVisualStudioVersion = 10.0.40219.1
Project("{FAE04EC0-301F-11D3-BF4B-00C04F79EFBC}") = "sqlapp", "sqlapp\sqlapp.csproj", "{B7BD4DC3-F0F9-4909-A99F-7C0E0288258B}"
EndProject
Global
	GlobalSection(SolutionConfigurationPlatforms) = preSolution
		Debug|Any CPU = Debug|Any CPU
		Release|Any CPU = Release|Any CPU
	EndGlobalSection
	GlobalSection(ProjectConfigurationPlatforms) = postSolution
		{B7BD4DC3-F0F9-4909-A99F-7C0E0288258B}.Debug|Any CPU.ActiveCfg = Debug|Any CPU
		{B7BD4DC3-F0F9-4909-A99F-7C0E0288258B}.Debug|Any CPU.Build.0 = Debug|Any CPU
		{B7BD4DC3-F0F9-4909-A99F-7C0E0288258B}.Release|Any CPU.ActiveCfg = Release|Any CPU
		{B7BD4DC3-F0F9-4909-A99F-7C0E0288258B}.Release|Any CPU.Build.0 = Release|Any CPU
	EndGlobalSection
	GlobalSection(SolutionProperties) = preSolution
		HideSolutionNode = FALSE
	EndGlobalSection
	GlobalSection(ExtensibilityGlobals) = postSolution
		SolutionGuid = {41AD227A-12A8-4C09-8353-A06CCF1172BF}
	EndGlobalSection
EndGlobal
